
Microsoft Visual Studio Solution File, Format Version 12.00
Project("{2150E333-8FDC-42A3-9474-1A3956D46DE8}") = "src", "src", "{846CB231-AB09-4A94-A0F1-F0F8B52F3CCE}"
EndProject
Project("{F2A71F9B-5D33-465A-A702-920D77279786}") = "BetterRead", "src\BetterRead\BetterRead.fsproj", "{F18B69EA-55CB-452F-9EED-4458CB63A081}"
EndProject
Global
	GlobalSection(SolutionConfigurationPlatforms) = preSolution
		Debug|Any CPU = Debug|Any CPU
		Release|Any CPU = Release|Any CPU
	EndGlobalSection
	GlobalSection(ProjectConfigurationPlatforms) = postSolution
		{F18B69EA-55CB-452F-9EED-4458CB63A081}.Debug|Any CPU.ActiveCfg = Debug|Any CPU
		{F18B69EA-55CB-452F-9EED-4458CB63A081}.Debug|Any CPU.Build.0 = Debug|Any CPU
		{F18B69EA-55CB-452F-9EED-4458CB63A081}.Release|Any CPU.ActiveCfg = Release|Any CPU
		{F18B69EA-55CB-452F-9EED-4458CB63A081}.Release|Any CPU.Build.0 = Release|Any CPU
	EndGlobalSection
	GlobalSection(NestedProjects) = preSolution
		{F18B69EA-55CB-452F-9EED-4458CB63A081} = {846CB231-AB09-4A94-A0F1-F0F8B52F3CCE}
	EndGlobalSection
EndGlobal
